// !$*UTF8*$!
{
	archiveVersion = 1;
	classes = {
	};
	objectVersion = 77;
	objects = {

/* Begin PBXBuildFile section */
		486F3047AEF9FA2422FC7C35 /* AuthMicroUI in Frameworks */ = {isa = PBXBuildFile; productRef = 21FB480FEDF479A50E9C48DF /* AuthMicroUI */; };
		AA0001012F8C3D4300196F4F /* MicroUICore in Frameworks */ = {isa = PBXBuildFile; productRef = AA0003012F8C3D4300196F4F /* MicroUICore */; };
		AA0001022F8C3D4300196F4F /* FeatureHomeMicroUI in Frameworks */ = {isa = PBXBuildFile; productRef = AA0003022F8C3D4300196F4F /* FeatureHomeMicroUI */; };
		AA0001032F8C3D4300196F4F /* FeatureProfileMicroUI in Frameworks */ = {isa = PBXBuildFile; productRef = AA0003032F8C3D4300196F4F /* FeatureProfileMicroUI */; };
		BB0001012F8C3D4300196F4F /* OnboardingMicroUI in Frameworks */ = {isa = PBXBuildFile; productRef = BB0003012F8C3D4300196F4F /* OnboardingMicroUI */; };
		BB0001022F8C3D4300196F4F /* SettingsMicroUI in Frameworks */ = {isa = PBXBuildFile; productRef = BB0003022F8C3D4300196F4F /* SettingsMicroUI */; };
		0682D1BF64AC72F5266B3542 /* FavoriteScreenMicroUI in Frameworks */ = {isa = PBXBuildFile; productRef = 5BDFA2D607BE4430478DA59E /* FavoriteScreenMicroUI */; };
		3845E2D536EF00284CA1B1A7 /* OwlScreenMicroUI in Frameworks */ = {isa = PBXBuildFile; productRef = 043ADFE4E0EE14185C2322F0 /* OwlScreenMicroUI */; };
		B75FF8E035C59E66C4E1FD16 /* OwlAboutMicroUI in Frameworks */ = {isa = PBXBuildFile; productRef = DB795868EABFF7AD210FB456 /* OwlAboutMicroUI */; };
/* End PBXBuildFile section */

/* Begin PBXFileReference section */
		064DC3F02F8C3D4300196F4F /* micruiachitecture.app */ = {isa = PBXFileReference; explicitFileType = wrapper.application; includeInIndex = 0; path = micruiachitecture.app; sourceTree = BUILT_PRODUCTS_DIR; };
/* End PBXFileReference section */

/* Begin PBXFileSystemSynchronizedRootGroup section */
		064DC3F22F8C3D4300196F4F /* micruiachitecture */ = {
			isa = PBXFileSystemSynchronizedRootGroup;
			path = micruiachitecture;
			sourceTree = "<group>";
		};
/* End PBXFileSystemSynchronizedRootGroup section */

/* Begin PBXFrameworksBuildPhase section */
		064DC3ED2F8C3D4300196F4F /* Frameworks */ = {
			isa = PBXFrameworksBuildPhase;
			buildActionMask = 2147483647;
			files = (
				AA0001012F8C3D4300196F4F /* MicroUICore in Frameworks */,
				AA0001022F8C3D4300196F4F /* FeatureHomeMicroUI in Frameworks */,
				AA0001032F8C3D4300196F4F /* FeatureProfileMicroUI in Frameworks */,
				486F3047AEF9FA2422FC7C35 /* AuthMicroUI in Frameworks */,
				BB0001012F8C3D4300196F4F /* OnboardingMicroUI in Frameworks */,
				BB0001022F8C3D4300196F4F /* SettingsMicroUI in Frameworks */,
				0682D1BF64AC72F5266B3542 /* FavoriteScreenMicroUI in Frameworks */,
				3845E2D536EF00284CA1B1A7 /* OwlScreenMicroUI in Frameworks */,
				B75FF8E035C59E66C4E1FD16 /* OwlAboutMicroUI in Frameworks */,
			);
			runOnlyForDeploymentPostprocessing = 0;
		};
/* End PBXFrameworksBuildPhase section */

/* Begin PBXGroup section */
		064DC3E72F8C3D4300196F4F = {
			isa = PBXGroup;
			children = (
				064DC3F22F8C3D4300196F4F /* micruiachitecture */,
				064DC3F12F8C3D4300196F4F /* Products */,
			);
			sourceTree = "<group>";
		};
		064DC3F12F8C3D4300196F4F /* Products */ = {
			isa = PBXGroup;
			children = (
				064DC3F02F8C3D4300196F4F /* micruiachitecture.app */,
			);
			name = Products;
			sourceTree = "<group>";
		};
/* End PBXGroup section */

/* Begin PBXNativeTarget section */
		064DC3EF2F8C3D4300196F4F /* micruiachitecture */ = {
			isa = PBXNativeTarget;
			buildConfigurationList = 064DC3FB2F8C3D4500196F4F /* Build configuration list for PBXNativeTarget "micruiachitecture" */;
			buildPhases = (
				064DC3EC2F8C3D4300196F4F /* Sources */,
				064DC3ED2F8C3D4300196F4F /* Frameworks */,
				064DC3EE2F8C3D4300196F4F /* Resources */,
			);
			buildRules = (
			);
			dependencies = (
			);
			fileSystemSynchronizedGroups = (
				064DC3F22F8C3D4300196F4F /* micruiachitecture */,
			);
			name = micruiachitecture;
			packageProductDependencies = (
				AA0003012F8C3D4300196F4F /* MicroUICore */,
				AA0003022F8C3D4300196F4F /* FeatureHomeMicroUI */,
				AA0003032F8C3D4300196F4F /* FeatureProfileMicroUI */,
				21FB480FEDF479A50E9C48DF /* AuthMicroUI */,
				BB0003012F8C3D4300196F4F /* OnboardingMicroUI */,
				BB0003022F8C3D4300196F4F /* SettingsMicroUI */,
				5BDFA2D607BE4430478DA59E /* FavoriteScreenMicroUI */,
				043ADFE4E0EE14185C2322F0 /* OwlScreenMicroUI */,
				DB795868EABFF7AD210FB456 /* OwlAboutMicroUI */,
			);
			productName = micruiachitecture;
			productReference = 064DC3F02F8C3D4300196F4F /* micruiachitecture.app */;
			productType = "com.apple.product-type.application";
		};
/* End PBXNativeTarget section */

/* Begin PBXProject section */
		064DC3E82F8C3D4300196F4F /* Project object */ = {
			isa = PBXProject;
			attributes = {
				BuildIndependentTargetsInParallel = 1;
				LastSwiftUpdateCheck = 2630;
				LastUpgradeCheck = 2630;
				TargetAttributes = {
					064DC3EF2F8C3D4300196F4F = {
						CreatedOnToolsVersion = 26.3;
					};
				};
			};
			buildConfigurationList = 064DC3EB2F8C3D4300196F4F /* Build configuration list for PBXProject "micruiachitecture" */;
			developmentRegion = en;
			hasScannedForEncodings = 0;
			knownRegions = (
				en,
				Base,
			);
			mainGroup = 064DC3E72F8C3D4300196F4F;
			minimizedProjectReferenceProxies = 1;
			packageReferences = (
				AA0002012F8C3D4300196F4F /* XCLocalSwiftPackageReference "Packages/MicroUICore" */,
				AA0002022F8C3D4300196F4F /* XCLocalSwiftPackageReference "Packages/FeatureHomeMicroUI" */,
				AA0002032F8C3D4300196F4F /* XCLocalSwiftPackageReference "Packages/FeatureProfileMicroUI" */,
				306806C777573857C234DF20 /* XCLocalSwiftPackageReference "Packages/AuthMicroUI" */,
				BB0002012F8C3D4300196F4F /* XCLocalSwiftPackageReference "Packages/OnboardingMicroUI" */,
				BB0002022F8C3D4300196F4F /* XCLocalSwiftPackageReference "Packages/SettingsMicroUI" */,
				DE6150966EB44289D7BD8FB2 /* XCLocalSwiftPackageReference "Packages/FavoriteScreenMicroUI" */,
				B6FB213EFB5917EB5E2C5979 /* XCLocalSwiftPackageReference "Packages/OwlScreenMicroUI" */,
				EE2CACBA6F46FE66D755AA5F /* XCLocalSwiftPackageReference "Packages/OwlAboutMicroUI" */,
			);
			preferredProjectObjectVersion = 77;
			productRefGroup = 064DC3F12F8C3D4300196F4F /* Products */;
			projectDirPath = "";
			projectRoot = "";
			targets = (
				064DC3EF2F8C3D4300196F4F /* micruiachitecture */,
			);
		};
/* End PBXProject section */

/* Begin PBXResourcesBuildPhase section */
		064DC3EE2F8C3D4300196F4F /* Resources */ = {
			isa = PBXResourcesBuildPhase;
			buildActionMask = 2147483647;
			files = (
			);
			runOnlyForDeploymentPostprocessing = 0;
		};
/* End PBXResourcesBuildPhase section */

/* Begin PBXSourcesBuildPhase section */
		064DC3EC2F8C3D4300196F4F /* Sources */ = {
			isa = PBXSourcesBuildPhase;
			buildActionMask = 2147483647;
			files = (
			);
			runOnlyForDeploymentPostprocessing = 0;
		};
/* End PBXSourcesBuildPhase section */

/* Begin XCBuildConfiguration section */
		064DC3F92F8C3D4500196F4F /* Debug */ = {
			isa = XCBuildConfiguration;
			buildSettings = {
				ALWAYS_SEARCH_USER_PATHS = NO;
				ASSETCATALOG_COMPILER_GENERATE_SWIFT_ASSET_SYMBOL_EXTENSIONS = YES;
				CLANG_ANALYZER_NONNULL = YES;
				CLANG_ANALYZER_NUMBER_OBJECT_CONVERSION = YES_AGGRESSIVE;
				CLANG_CXX_LANGUAGE_STANDARD = "gnu++20";
				CLANG_ENABLE_MODULES = YES;
				CLANG_ENABLE_OBJC_ARC = YES;
				CLANG_ENABLE_OBJC_WEAK = YES;
				CLANG_WARN_BLOCK_CAPTURE_AUTORELEASING = YES;
				CLANG_WARN_BOOL_CONVERSION = YES;
				CLANG_WARN_COMMA = YES;
				CLANG_WARN_CONSTANT_CONVERSION = YES;
				CLANG_WARN_DEPRECATED_OBJC_IMPLEMENTATIONS = YES;
				CLANG_WARN_DIRECT_OBJC_ISA_USAGE = YES_ERROR;
				CLANG_WARN_DOCUMENTATION_COMMENTS = YES;
				CLANG_WARN_EMPTY_BODY = YES;
				CLANG_WARN_ENUM_CONVERSION = YES;
				CLANG_WARN_INFINITE_RECURSION = YES;
				CLANG_WARN_INT_CONVERSION = YES;
				CLANG_WARN_NON_LITERAL_NULL_CONVERSION = YES;
				CLANG_WARN_OBJC_IMPLICIT_RETAIN_SELF = YES;
				CLANG_WARN_OBJC_LITERAL_CONVERSION = YES;
				CLANG_WARN_OBJC_ROOT_CLASS = YES_ERROR;
				CLANG_WARN_QUOTED_INCLUDE_IN_FRAMEWORK_HEADER = YES;
				CLANG_WARN_RANGE_LOOP_ANALYSIS = YES;
				CLANG_WARN_STRICT_PROTOTYPES = YES;
				CLANG_WARN_SUSPICIOUS_MOVE = YES;
				CLANG_WARN_UNGUARDED_AVAILABILITY = YES_AGGRESSIVE;
				CLANG_WARN_UNREACHABLE_CODE = YES;
				CLANG_WARN__DUPLICATE_METHOD_MATCH = YES;
				COPY_PHASE_STRIP = NO;
				DEBUG_INFORMATION_FORMAT = dwarf;
				DEVELOPMENT_TEAM = 3J794WYXTZ;
				ENABLE_STRICT_OBJC_MSGSEND = YES;
				ENABLE_TESTABILITY = YES;
				ENABLE_USER_SCRIPT_SANDBOXING = YES;
				GCC_C_LANGUAGE_STANDARD = gnu17;
				GCC_DYNAMIC_NO_PIC = NO;
				GCC_NO_COMMON_BLOCKS = YES;
				GCC_OPTIMIZATION_LEVEL = 0;
				GCC_PREPROCESSOR_DEFINITIONS = (
					"DEBUG=1",
					"$(inherited)",
				);
				GCC_WARN_64_TO_32_BIT_CONVERSION = YES;
				GCC_WARN_ABOUT_RETURN_TYPE = YES_ERROR;
				GCC_WARN_UNDECLARED_SELECTOR = YES;
				GCC_WARN_UNINITIALIZED_AUTOS = YES_AGGRESSIVE;
				GCC_WARN_UNUSED_FUNCTION = YES;
				GCC_WARN_UNUSED_VARIABLE = YES;
				IPHONEOS_DEPLOYMENT_TARGET = 26.2;
				LOCALIZATION_PREFERS_STRING_CATALOGS = YES;
				MTL_ENABLE_DEBUG_INFO = INCLUDE_SOURCE;
				MTL_FAST_MATH = YES;
				ONLY_ACTIVE_ARCH = YES;
				SDKROOT = iphoneos;
				SWIFT_ACTIVE_COMPILATION_CONDITIONS = "DEBUG $(inherited)";
				SWIFT_OPTIMIZATION_LEVEL = "-Onone";
			};
			name = Debug;
		};
		064DC3FA2F8C3D4500196F4F /* Release */ = {
			isa = XCBuildConfiguration;
			buildSettings = {
				ALWAYS_SEARCH_USER_PATHS = NO;
				ASSETCATALOG_COMPILER_GENERATE_SWIFT_ASSET_SYMBOL_EXTENSIONS = YES;
				CLANG_ANALYZER_NONNULL = YES;
				CLANG_ANALYZER_NUMBER_OBJECT_CONVERSION = YES_AGGRESSIVE;
				CLANG_CXX_LANGUAGE_STANDARD = "gnu++20";
				CLANG_ENABLE_MODULES = YES;
				CLANG_ENABLE_OBJC_ARC = YES;
				CLANG_ENABLE_OBJC_WEAK = YES;
				CLANG_WARN_BLOCK_CAPTURE_AUTORELEASING = YES;
				CLANG_WARN_BOOL_CONVERSION = YES;
				CLANG_WARN_COMMA = YES;
				CLANG_WARN_CONSTANT_CONVERSION = YES;
				CLANG_WARN_DEPRECATED_OBJC_IMPLEMENTATIONS = YES;
				CLANG_WARN_DIRECT_OBJC_ISA_USAGE = YES_ERROR;
				CLANG_WARN_DOCUMENTATION_COMMENTS = YES;
				CLANG_WARN_EMPTY_BODY = YES;
				CLANG_WARN_ENUM_CONVERSION = YES;
				CLANG_WARN_INFINITE_RECURSION = YES;
				CLANG_WARN_INT_CONVERSION = YES;
				CLANG_WARN_NON_LITERAL_NULL_CONVERSION = YES;
				CLANG_WARN_OBJC_IMPLICIT_RETAIN_SELF = YES;
				CLANG_WARN_OBJC_LITERAL_CONVERSION = YES;
				CLANG_WARN_OBJC_ROOT_CLASS = YES_ERROR;
				CLANG_WARN_QUOTED_INCLUDE_IN_FRAMEWORK_HEADER = YES;
				CLANG_WARN_RANGE_LOOP_ANALYSIS = YES;
				CLANG_WARN_STRICT_PROTOTYPES = YES;
				CLANG_WARN_SUSPICIOUS_MOVE = YES;
				CLANG_WARN_UNGUARDED_AVAILABILITY = YES_AGGRESSIVE;
				CLANG_WARN_UNREACHABLE_CODE = YES;
				CLANG_WARN__DUPLICATE_METHOD_MATCH = YES;
				COPY_PHASE_STRIP = NO;
				DEBUG_INFORMATION_FORMAT = "dwarf-with-dsym";
				DEVELOPMENT_TEAM = 3J794WYXTZ;
				ENABLE_NS_ASSERTIONS = NO;
				ENABLE_STRICT_OBJC_MSGSEND = YES;
				ENABLE_USER_SCRIPT_SANDBOXING = YES;
				GCC_C_LANGUAGE_STANDARD = gnu17;
				GCC_NO_COMMON_BLOCKS = YES;
				GCC_WARN_64_TO_32_BIT_CONVERSION = YES;
				GCC_WARN_ABOUT_RETURN_TYPE = YES_ERROR;
				GCC_WARN_UNDECLARED_SELECTOR = YES;
				GCC_WARN_UNINITIALIZED_AUTOS = YES_AGGRESSIVE;
				GCC_WARN_UNUSED_FUNCTION = YES;
				GCC_WARN_UNUSED_VARIABLE = YES;
				IPHONEOS_DEPLOYMENT_TARGET = 26.2;
				LOCALIZATION_PREFERS_STRING_CATALOGS = YES;
				MTL_ENABLE_DEBUG_INFO = NO;
				MTL_FAST_MATH = YES;
				SDKROOT = iphoneos;
				SWIFT_COMPILATION_MODE = wholemodule;
				VALIDATE_PRODUCT = YES;
			};
			name = Release;
		};
		064DC3FC2F8C3D4500196F4F /* Debug */ = {
			isa = XCBuildConfiguration;
			buildSettings = {
				ASSETCATALOG_COMPILER_APPICON_NAME = AppIcon;
				ASSETCATALOG_COMPILER_GLOBAL_ACCENT_COLOR_NAME = AccentColor;
				CODE_SIGN_STYLE = Automatic;
				CURRENT_PROJECT_VERSION = 1;
				DEVELOPMENT_TEAM = 3J794WYXTZ;
				ENABLE_PREVIEWS = YES;
				GENERATE_INFOPLIST_FILE = YES;
				INFOPLIST_KEY_UIApplicationSceneManifest_Generation = YES;
				INFOPLIST_KEY_UIApplicationSupportsIndirectInputEvents = YES;
				INFOPLIST_KEY_UILaunchScreen_Generation = YES;
				INFOPLIST_KEY_UISupportedInterfaceOrientations_iPad = "UIInterfaceOrientationPortrait UIInterfaceOrientationPortraitUpsideDown UIInterfaceOrientationLandscapeLeft UIInterfaceOrientationLandscapeRight";
				INFOPLIST_KEY_UISupportedInterfaceOrientations_iPhone = "UIInterfaceOrientationPortrait UIInterfaceOrientationLandscapeLeft UIInterfaceOrientationLandscapeRight";
				LD_RUNPATH_SEARCH_PATHS = (
					"$(inherited)",
					"@executable_path/Frameworks",
				);
				MARKETING_VERSION = 1.0;
				PRODUCT_BUNDLE_IDENTIFIER = aap.loudowls.micruiachitecture;
				PRODUCT_NAME = "$(TARGET_NAME)";
				STRING_CATALOG_GENERATE_SYMBOLS = YES;
				SWIFT_APPROACHABLE_CONCURRENCY = YES;
				SWIFT_DEFAULT_ACTOR_ISOLATION = MainActor;
				SWIFT_EMIT_LOC_STRINGS = YES;
				SWIFT_UPCOMING_FEATURE_MEMBER_IMPORT_VISIBILITY = YES;
				SWIFT_VERSION = 5.0;
				TARGETED_DEVICE_FAMILY = "1,2";
			};
			name = Debug;
		};
		064DC3FD2F8C3D4500196F4F /* Release */ = {
			isa = XCBuildConfiguration;
			buildSettings = {
				ASSETCATALOG_COMPILER_APPICON_NAME = AppIcon;
				ASSETCATALOG_COMPILER_GLOBAL_ACCENT_COLOR_NAME = AccentColor;
				CODE_SIGN_STYLE = Automatic;
				CURRENT_PROJECT_VERSION = 1;
				DEVELOPMENT_TEAM = 3J794WYXTZ;
				ENABLE_PREVIEWS = YES;
				GENERATE_INFOPLIST_FILE = YES;
				INFOPLIST_KEY_UIApplicationSceneManifest_Generation = YES;
				INFOPLIST_KEY_UIApplicationSupportsIndirectInputEvents = YES;
				INFOPLIST_KEY_UILaunchScreen_Generation = YES;
				INFOPLIST_KEY_UISupportedInterfaceOrientations_iPad = "UIInterfaceOrientationPortrait UIInterfaceOrientationPortraitUpsideDown UIInterfaceOrientationLandscapeLeft UIInterfaceOrientationLandscapeRight";
				INFOPLIST_KEY_UISupportedInterfaceOrientations_iPhone = "UIInterfaceOrientationPortrait UIInterfaceOrientationLandscapeLeft UIInterfaceOrientationLandscapeRight";
				LD_RUNPATH_SEARCH_PATHS = (
					"$(inherited)",
					"@executable_path/Frameworks",
				);
				MARKETING_VERSION = 1.0;
				PRODUCT_BUNDLE_IDENTIFIER = aap.loudowls.micruiachitecture;
				PRODUCT_NAME = "$(TARGET_NAME)";
				STRING_CATALOG_GENERATE_SYMBOLS = YES;
				SWIFT_APPROACHABLE_CONCURRENCY = YES;
				SWIFT_DEFAULT_ACTOR_ISOLATION = MainActor;
				SWIFT_EMIT_LOC_STRINGS = YES;
				SWIFT_UPCOMING_FEATURE_MEMBER_IMPORT_VISIBILITY = YES;
				SWIFT_VERSION = 5.0;
				TARGETED_DEVICE_FAMILY = "1,2";
			};
			name = Release;
		};
/* End XCBuildConfiguration section */

/* Begin XCConfigurationList section */
		064DC3EB2F8C3D4300196F4F /* Build configuration list for PBXProject "micruiachitecture" */ = {
			isa = XCConfigurationList;
			buildConfigurations = (
				064DC3F92F8C3D4500196F4F /* Debug */,
				064DC3FA2F8C3D4500196F4F /* Release */,
			);
			defaultConfigurationIsVisible = 0;
			defaultConfigurationName = Release;
		};
		064DC3FB2F8C3D4500196F4F /* Build configuration list for PBXNativeTarget "micruiachitecture" */ = {
			isa = XCConfigurationList;
			buildConfigurations = (
				064DC3FC2F8C3D4500196F4F /* Debug */,
				064DC3FD2F8C3D4500196F4F /* Release */,
			);
			defaultConfigurationIsVisible = 0;
			defaultConfigurationName = Release;
		};
/* End XCConfigurationList section */

/* Begin XCLocalSwiftPackageReference section */
		306806C777573857C234DF20 /* XCLocalSwiftPackageReference "Packages/AuthMicroUI" */ = {
			isa = XCLocalSwiftPackageReference;
			relativePath = Packages/AuthMicroUI;
		};
		AA0002012F8C3D4300196F4F /* XCLocalSwiftPackageReference "Packages/MicroUICore" */ = {
			isa = XCLocalSwiftPackageReference;
			relativePath = Packages/MicroUICore;
		};
		AA0002022F8C3D4300196F4F /* XCLocalSwiftPackageReference "Packages/FeatureHomeMicroUI" */ = {
			isa = XCLocalSwiftPackageReference;
			relativePath = Packages/FeatureHomeMicroUI;
		};
		AA0002032F8C3D4300196F4F /* XCLocalSwiftPackageReference "Packages/FeatureProfileMicroUI" */ = {
			isa = XCLocalSwiftPackageReference;
			relativePath = Packages/FeatureProfileMicroUI;
		};
		BB0002012F8C3D4300196F4F /* XCLocalSwiftPackageReference "Packages/OnboardingMicroUI" */ = {
			isa = XCLocalSwiftPackageReference;
			relativePath = Packages/OnboardingMicroUI;
		};
		BB0002022F8C3D4300196F4F /* XCLocalSwiftPackageReference "Packages/SettingsMicroUI" */ = {
			isa = XCLocalSwiftPackageReference;
			relativePath = Packages/SettingsMicroUI;
		};
		DE6150966EB44289D7BD8FB2 /* XCLocalSwiftPackageReference "Packages/FavoriteScreenMicroUI" */ = {
			isa = XCLocalSwiftPackageReference;
			relativePath = Packages/FavoriteScreenMicroUI;
		};
		B6FB213EFB5917EB5E2C5979 /* XCLocalSwiftPackageReference "Packages/OwlScreenMicroUI" */ = {
			isa = XCLocalSwiftPackageReference;
			relativePath = Packages/OwlScreenMicroUI;
		};
		EE2CACBA6F46FE66D755AA5F /* XCLocalSwiftPackageReference "Packages/OwlAboutMicroUI" */ = {
			isa = XCLocalSwiftPackageReference;
			relativePath = Packages/OwlAboutMicroUI;
		};
/* End XCLocalSwiftPackageReference section */

/* Begin XCSwiftPackageProductDependency section */
		21FB480FEDF479A50E9C48DF /* AuthMicroUI */ = {
			isa = XCSwiftPackageProductDependency;
			productName = AuthMicroUI;
		};
		AA0003012F8C3D4300196F4F /* MicroUICore */ = {
			isa = XCSwiftPackageProductDependency;
			productName = MicroUICore;
		};
		AA0003022F8C3D4300196F4F /* FeatureHomeMicroUI */ = {
			isa = XCSwiftPackageProductDependency;
			productName = FeatureHomeMicroUI;
		};
		AA0003032F8C3D4300196F4F /* FeatureProfileMicroUI */ = {
			isa = XCSwiftPackageProductDependency;
			productName = FeatureProfileMicroUI;
		};
		BB0003012F8C3D4300196F4F /* OnboardingMicroUI */ = {
			isa = XCSwiftPackageProductDependency;
			productName = OnboardingMicroUI;
		};
		BB0003022F8C3D4300196F4F /* SettingsMicroUI */ = {
			isa = XCSwiftPackageProductDependency;
			productName = SettingsMicroUI;
		};
		5BDFA2D607BE4430478DA59E /* FavoriteScreenMicroUI */ = {
			isa = XCSwiftPackageProductDependency;
			productName = FavoriteScreenMicroUI;
		};
		043ADFE4E0EE14185C2322F0 /* OwlScreenMicroUI */ = {
			isa = XCSwiftPackageProductDependency;
			productName = OwlScreenMicroUI;
		};
		DB795868EABFF7AD210FB456 /* OwlAboutMicroUI */ = {
			isa = XCSwiftPackageProductDependency;
			productName = OwlAboutMicroUI;
		};
/* End XCSwiftPackageProductDependency section */
	};
	rootObject = 064DC3E82F8C3D4300196F4F /* Project object */;
}
